PODS:
  - Result (4.1.0)
  - Reusable (4.0.5):
    - Reusable/Storyboard (= 4.0.5)
    - Reusable/View (= 4.0.5)
  - Reusable/Storyboard (4.0.5)
  - Reusable/View (4.0.5)
  - SwiftLint (0.31.0)

DEPENDENCIES:
  - Result
  - Reusable
  - SwiftLint

SPEC REPOS:
  https://github.com/cocoapods/specs.git:
    - Result
    - Reusable
    - SwiftLint

SPEC CHECKSUMS:
  Result: bd966fac789cc6c1563440b348ab2598cc24d5c7
  Reusable: 188be1a54ac0691bc66e5bb24ec6eb91971b315b
  SwiftLint: 7a0227733d786395817373b2d0ca799fd0093ff3

PODFILE CHECKSUM: a67ddec86b1cdf93475dfa7f62f7ce0b1cfab4e9

COCOAPODS: 1.6.1
