// !$*UTF8*$!
{
	archiveVersion = 1;
	classes = {
	};
	objectVersion = 50;
	objects = {

/* Begin PBXBuildFile section */
		2F2E394D03C07E65B28E7EBC /* Pods_Inviter.framework in Frameworks */ = {isa = PBXBuildFile; fileRef = 07C4B92A2D2BF2316FFDC7AE /* Pods_Inviter.framework */; };
		A004211122434520006482CC /* InvitedViewControllerSpec.swift in Sources */ = {isa = PBXBuildFile; fileRef = A004211022434520006482CC /* InvitedViewControllerSpec.swift */; };
		A0EDD7182243540700A76177 /* JSONLinesDecoder.swift in Sources */ = {isa = PBXBuildFile; fileRef = A0EDD7172243540700A76177 /* JSONLinesDecoder.swift */; };
		A0EDD71B22435E3C00A76177 /* JSONLinesDecoderSpec.swift in Sources */ = {isa = PBXBuildFile; fileRef = A0EDD71A22435E3C00A76177 /* JSONLinesDecoderSpec.swift */; };
		A0F760962241EF4A0082E6A5 /* CustomerRepository.swift in Sources */ = {isa = PBXBuildFile; fileRef = A0F760952241EF4A0082E6A5 /* CustomerRepository.swift */; };
		A0F7609A2241F6DF0082E6A5 /* InvitedView.xib in Resources */ = {isa = PBXBuildFile; fileRef = A0F760992241F6DF0082E6A5 /* InvitedView.xib */; };
		A0F7609C2241F7070082E6A5 /* InvitedView.swift in Sources */ = {isa = PBXBuildFile; fileRef = A0F7609B2241F7070082E6A5 /* InvitedView.swift */; };
		A0F7609E2241F82A0082E6A5 /* InvitedViewController.swift in Sources */ = {isa = PBXBuildFile; fileRef = A0F7609D2241F82A0082E6A5 /* InvitedViewController.swift */; };
		A0F760A02241FA9D0082E6A5 /* TitleSubtitleViewModel.swift in Sources */ = {isa = PBXBuildFile; fileRef = A0F7609F2241FA9D0082E6A5 /* TitleSubtitleViewModel.swift */; };
		A2DBF3FF3FC35060153E8BE5 /* Pods_InviterTests.framework in Frameworks */ = {isa = PBXBuildFile; fileRef = F35C58AE0EE10880F7BEC26A /* Pods_InviterTests.framework */; };
		DD72C8BA2242DE8F00BC1C47 /* CustomerRepositorySpec.swift in Sources */ = {isa = PBXBuildFile; fileRef = DD72C8B92242DE8F00BC1C47 /* CustomerRepositorySpec.swift */; };
		DD72C8BD2242E75300BC1C47 /* CustomerSpec.swift in Sources */ = {isa = PBXBuildFile; fileRef = DD72C8BC2242E75300BC1C47 /* CustomerSpec.swift */; };
		DD72C8BF2242E7AD00BC1C47 /* Coordinate.swift in Sources */ = {isa = PBXBuildFile; fileRef = DD72C8BE2242E7AD00BC1C47 /* Coordinate.swift */; };
		DD72C8C12242EDA700BC1C47 /* CoordinateSpec.swift in Sources */ = {isa = PBXBuildFile; fileRef = DD72C8C02242EDA700BC1C47 /* CoordinateSpec.swift */; };
		DDB752972241371900BB1502 /* AppDelegate.swift in Sources */ = {isa = PBXBuildFile; fileRef = DDB752962241371900BB1502 /* AppDelegate.swift */; };
		DDB7529E2241371B00BB1502 /* Assets.xcassets in Resources */ = {isa = PBXBuildFile; fileRef = DDB7529D2241371B00BB1502 /* Assets.xcassets */; };
		DDB752A12241371B00BB1502 /* LaunchScreen.storyboard in Resources */ = {isa = PBXBuildFile; fileRef = DDB7529F2241371B00BB1502 /* LaunchScreen.storyboard */; };
		DDB752BA22417E4D00BB1502 /* customers.txt in Resources */ = {isa = PBXBuildFile; fileRef = DDB752B922417E4D00BB1502 /* customers.txt */; };
		DDB752BC22418EDB00BB1502 /* Customer.swift in Sources */ = {isa = PBXBuildFile; fileRef = DDB752BB22418EDB00BB1502 /* Customer.swift */; };
		DDB752C0224289E900BB1502 /* CustomerFileAdapter.swift in Sources */ = {isa = PBXBuildFile; fileRef = DDB752BF224289E900BB1502 /* CustomerFileAdapter.swift */; };
		DDB752C52242BD3300BB1502 /* CustomerLoadable.swift in Sources */ = {isa = PBXBuildFile; fileRef = DDB752C42242BD3300BB1502 /* CustomerLoadable.swift */; };
		DDB752CB2242BF7E00BB1502 /* CustomerFileAdapterSpec.swift in Sources */ = {isa = PBXBuildFile; fileRef = DDB752CA2242BF7E00BB1502 /* CustomerFileAdapterSpec.swift */; };
/* End PBXBuildFile section */

/* Begin PBXContainerItemProxy section */
		DDB752A82241371B00BB1502 /* PBXContainerItemProxy */ = {
			isa = PBXContainerItemProxy;
			containerPortal = DDB7528B2241371900BB1502 /* Project object */;
			proxyType = 1;
			remoteGlobalIDString = DDB752922241371900BB1502;
			remoteInfo = Inviter;
		};
/* End PBXContainerItemProxy section */

/* Begin PBXFileReference section */
		07C4B92A2D2BF2316FFDC7AE /* Pods_Inviter.framework */ = {isa = PBXFileReference; explicitFileType = wrapper.framework; includeInIndex = 0; path = Pods_Inviter.framework; sourceTree = BUILT_PRODUCTS_DIR; };
		2CECDDCECF9AB0EB7BF1A879 /* Pods-Inviter.release.xcconfig */ = {isa = PBXFileReference; includeInIndex = 1; lastKnownFileType = text.xcconfig; name = "Pods-Inviter.release.xcconfig"; path = "Target Support Files/Pods-Inviter/Pods-Inviter.release.xcconfig"; sourceTree = "<group>"; };
		90F4F112D283D60B1F7FC416 /* Pods-InviterTests.release.xcconfig */ = {isa = PBXFileReference; includeInIndex = 1; lastKnownFileType = text.xcconfig; name = "Pods-InviterTests.release.xcconfig"; path = "Target Support Files/Pods-InviterTests/Pods-InviterTests.release.xcconfig"; sourceTree = "<group>"; };
		9833DE3345F1065A0083ED70 /* Pods-Inviter.debug.xcconfig */ = {isa = PBXFileReference; includeInIndex = 1; lastKnownFileType = text.xcconfig; name = "Pods-Inviter.debug.xcconfig"; path = "Target Support Files/Pods-Inviter/Pods-Inviter.debug.xcconfig"; sourceTree = "<group>"; };
		A004211022434520006482CC /* InvitedViewControllerSpec.swift */ = {isa = PBXFileReference; lastKnownFileType = sourcecode.swift; path = InvitedViewControllerSpec.swift; sourceTree = "<group>"; };
		A0EDD7172243540700A76177 /* JSONLinesDecoder.swift */ = {isa = PBXFileReference; lastKnownFileType = sourcecode.swift; path = JSONLinesDecoder.swift; sourceTree = "<group>"; };
		A0EDD71A22435E3C00A76177 /* JSONLinesDecoderSpec.swift */ = {isa = PBXFileReference; lastKnownFileType = sourcecode.swift; path = JSONLinesDecoderSpec.swift; sourceTree = "<group>"; };
		A0F760952241EF4A0082E6A5 /* CustomerRepository.swift */ = {isa = PBXFileReference; lastKnownFileType = sourcecode.swift; path = CustomerRepository.swift; sourceTree = "<group>"; };
		A0F760992241F6DF0082E6A5 /* InvitedView.xib */ = {isa = PBXFileReference; lastKnownFileType = file.xib; path = InvitedView.xib; sourceTree = "<group>"; };
		A0F7609B2241F7070082E6A5 /* InvitedView.swift */ = {isa = PBXFileReference; lastKnownFileType = sourcecode.swift; path = InvitedView.swift; sourceTree = "<group>"; };
		A0F7609D2241F82A0082E6A5 /* InvitedViewController.swift */ = {isa = PBXFileReference; lastKnownFileType = sourcecode.swift; path = InvitedViewController.swift; sourceTree = "<group>"; };
		A0F7609F2241FA9D0082E6A5 /* TitleSubtitleViewModel.swift */ = {isa = PBXFileReference; lastKnownFileType = sourcecode.swift; path = TitleSubtitleViewModel.swift; sourceTree = "<group>"; };
		D8EF39C332FBAD5C3916F1E3 /* Pods-InviterTests.debug.xcconfig */ = {isa = PBXFileReference; includeInIndex = 1; lastKnownFileType = text.xcconfig; name = "Pods-InviterTests.debug.xcconfig"; path = "Target Support Files/Pods-InviterTests/Pods-InviterTests.debug.xcconfig"; sourceTree = "<group>"; };
		DD72C8B92242DE8F00BC1C47 /* CustomerRepositorySpec.swift */ = {isa = PBXFileReference; lastKnownFileType = sourcecode.swift; path = CustomerRepositorySpec.swift; sourceTree = "<group>"; };
		DD72C8BC2242E75300BC1C47 /* CustomerSpec.swift */ = {isa = PBXFileReference; lastKnownFileType = sourcecode.swift; path = CustomerSpec.swift; sourceTree = "<group>"; };
		DD72C8BE2242E7AD00BC1C47 /* Coordinate.swift */ = {isa = PBXFileReference; lastKnownFileType = sourcecode.swift; path = Coordinate.swift; sourceTree = "<group>"; };
		DD72C8C02242EDA700BC1C47 /* CoordinateSpec.swift */ = {isa = PBXFileReference; lastKnownFileType = sourcecode.swift; path = CoordinateSpec.swift; sourceTree = "<group>"; };
		DDB752932241371900BB1502 /* Inviter.app */ = {isa = PBXFileReference; explicitFileType = wrapper.application; includeInIndex = 0; path = Inviter.app; sourceTree = BUILT_PRODUCTS_DIR; };
		DDB752962241371900BB1502 /* AppDelegate.swift */ = {isa = PBXFileReference; lastKnownFileType = sourcecode.swift; path = AppDelegate.swift; sourceTree = "<group>"; };
		DDB7529D2241371B00BB1502 /* Assets.xcassets */ = {isa = PBXFileReference; lastKnownFileType = folder.assetcatalog; path = Assets.xcassets; sourceTree = "<group>"; };
		DDB752A02241371B00BB1502 /* Base */ = {isa = PBXFileReference; lastKnownFileType = file.storyboard; name = Base; path = Base.lproj/LaunchScreen.storyboard; sourceTree = "<group>"; };
		DDB752A22241371B00BB1502 /* Info.plist */ = {isa = PBXFileReference; lastKnownFileType = text.plist.xml; path = Info.plist; sourceTree = "<group>"; };
		DDB752A72241371B00BB1502 /* InviterTests.xctest */ = {isa = PBXFileReference; explicitFileType = wrapper.cfbundle; includeInIndex = 0; path = InviterTests.xctest; sourceTree = BUILT_PRODUCTS_DIR; };
		DDB752AD2241371B00BB1502 /* Info.plist */ = {isa = PBXFileReference; lastKnownFileType = text.plist.xml; path = Info.plist; sourceTree = "<group>"; };
		DDB752B922417E4D00BB1502 /* customers.txt */ = {isa = PBXFileReference; fileEncoding = 4; lastKnownFileType = text; path = customers.txt; sourceTree = "<group>"; };
		DDB752BB22418EDB00BB1502 /* Customer.swift */ = {isa = PBXFileReference; lastKnownFileType = sourcecode.swift; path = Customer.swift; sourceTree = "<group>"; };
		DDB752BF224289E900BB1502 /* CustomerFileAdapter.swift */ = {isa = PBXFileReference; lastKnownFileType = sourcecode.swift; path = CustomerFileAdapter.swift; sourceTree = "<group>"; };
		DDB752C42242BD3300BB1502 /* CustomerLoadable.swift */ = {isa = PBXFileReference; lastKnownFileType = sourcecode.swift; path = CustomerLoadable.swift; sourceTree = "<group>"; };
		DDB752CA2242BF7E00BB1502 /* CustomerFileAdapterSpec.swift */ = {isa = PBXFileReference; lastKnownFileType = sourcecode.swift; path = CustomerFileAdapterSpec.swift; sourceTree = "<group>"; };
		F35C58AE0EE10880F7BEC26A /* Pods_InviterTests.framework */ = {isa = PBXFileReference; explicitFileType = wrapper.framework; includeInIndex = 0; path = Pods_InviterTests.framework; sourceTree = BUILT_PRODUCTS_DIR; };
/* End PBXFileReference section */

/* Begin PBXFrameworksBuildPhase section */
		DDB752902241371900BB1502 /* Frameworks */ = {
			isa = PBXFrameworksBuildPhase;
			buildActionMask = 2147483647;
			files = (
				2F2E394D03C07E65B28E7EBC /* Pods_Inviter.framework in Frameworks */,
			);
			runOnlyForDeploymentPostprocessing = 0;
		};
		DDB752A42241371B00BB1502 /* Frameworks */ = {
			isa = PBXFrameworksBuildPhase;
			buildActionMask = 2147483647;
			files = (
				A2DBF3FF3FC35060153E8BE5 /* Pods_InviterTests.framework in Frameworks */,
			);
			runOnlyForDeploymentPostprocessing = 0;
		};
/* End PBXFrameworksBuildPhase section */

/* Begin PBXGroup section */
		562DD8D3B90D5D6431340015 /* Frameworks */ = {
			isa = PBXGroup;
			children = (
				07C4B92A2D2BF2316FFDC7AE /* Pods_Inviter.framework */,
				F35C58AE0EE10880F7BEC26A /* Pods_InviterTests.framework */,
			);
			name = Frameworks;
			sourceTree = "<group>";
		};
		92E451D0781177AC7160486E /* Pods */ = {
			isa = PBXGroup;
			children = (
				9833DE3345F1065A0083ED70 /* Pods-Inviter.debug.xcconfig */,
				2CECDDCECF9AB0EB7BF1A879 /* Pods-Inviter.release.xcconfig */,
				D8EF39C332FBAD5C3916F1E3 /* Pods-InviterTests.debug.xcconfig */,
				90F4F112D283D60B1F7FC416 /* Pods-InviterTests.release.xcconfig */,
			);
			path = Pods;
			sourceTree = "<group>";
		};
		A0EDD71922435E2900A76177 /* Common */ = {
			isa = PBXGroup;
			children = (
				A0EDD71A22435E3C00A76177 /* JSONLinesDecoderSpec.swift */,
			);
			path = Common;
			sourceTree = "<group>";
		};
		DD72C8B82242DE7D00BC1C47 /* Repositories */ = {
			isa = PBXGroup;
			children = (
				DD72C8B92242DE8F00BC1C47 /* CustomerRepositorySpec.swift */,
			);
			path = Repositories;
			sourceTree = "<group>";
		};
		DD72C8BB2242E74300BC1C47 /* Models */ = {
			isa = PBXGroup;
			children = (
				DD72C8BC2242E75300BC1C47 /* CustomerSpec.swift */,
				DD72C8C02242EDA700BC1C47 /* CoordinateSpec.swift */,
			);
			path = Models;
			sourceTree = "<group>";
		};
		DDB7528A2241371900BB1502 = {
			isa = PBXGroup;
			children = (
				DDB752952241371900BB1502 /* Inviter */,
				DDB752AA2241371B00BB1502 /* InviterTests */,
				DDB752942241371900BB1502 /* Products */,
				92E451D0781177AC7160486E /* Pods */,
				562DD8D3B90D5D6431340015 /* Frameworks */,
			);
			sourceTree = "<group>";
		};
		DDB752942241371900BB1502 /* Products */ = {
			isa = PBXGroup;
			children = (
				DDB752932241371900BB1502 /* Inviter.app */,
				DDB752A72241371B00BB1502 /* InviterTests.xctest */,
			);
			name = Products;
			sourceTree = "<group>";
		};
		DDB752952241371900BB1502 /* Inviter */ = {
			isa = PBXGroup;
			children = (
				DDB752BE2242891A00BB1502 /* Common */,
				DDB752BD2242890500BB1502 /* Invited */,
			);
			path = Inviter;
			sourceTree = "<group>";
		};
		DDB752AA2241371B00BB1502 /* InviterTests */ = {
			isa = PBXGroup;
			children = (
				A0EDD71922435E2900A76177 /* Common */,
				DDB752C82242BF6B00BB1502 /* Invited */,
				DDB752AD2241371B00BB1502 /* Info.plist */,
			);
			path = InviterTests;
			sourceTree = "<group>";
		};
		DDB752B622416C3300BB1502 /* Assets */ = {
			isa = PBXGroup;
			children = (
				DDB752B922417E4D00BB1502 /* customers.txt */,
			);
			path = Assets;
			sourceTree = "<group>";
		};
		DDB752BD2242890500BB1502 /* Invited */ = {
			isa = PBXGroup;
			children = (
				DDB752C72242BD9100BB1502 /* ViewModels */,
				DDB752C62242BD8600BB1502 /* Views */,
				DDB752C32242BD1F00BB1502 /* Adapters */,
				DDB752C22242BD1600BB1502 /* Repositories */,
				DDB752B622416C3300BB1502 /* Assets */,
				DDB752C12242BD0000BB1502 /* Models */,
				A0F7609D2241F82A0082E6A5 /* InvitedViewController.swift */,
			);
			path = Invited;
			sourceTree = "<group>";
		};
		DDB752BE2242891A00BB1502 /* Common */ = {
			isa = PBXGroup;
			children = (
				DDB752962241371900BB1502 /* AppDelegate.swift */,
				DDB7529D2241371B00BB1502 /* Assets.xcassets */,
				DDB7529F2241371B00BB1502 /* LaunchScreen.storyboard */,
				DDB752A22241371B00BB1502 /* Info.plist */,
				A0EDD7172243540700A76177 /* JSONLinesDecoder.swift */,
			);
			path = Common;
			sourceTree = "<group>";
		};
		DDB752C12242BD0000BB1502 /* Models */ = {
			isa = PBXGroup;
			children = (
				DDB752BB22418EDB00BB1502 /* Customer.swift */,
				DD72C8BE2242E7AD00BC1C47 /* Coordinate.swift */,
			);
			path = Models;
			sourceTree = "<group>";
		};
		DDB752C22242BD1600BB1502 /* Repositories */ = {
			isa = PBXGroup;
			children = (
				A0F760952241EF4A0082E6A5 /* CustomerRepository.swift */,
			);
			path = Repositories;
			sourceTree = "<group>";
		};
		DDB752C32242BD1F00BB1502 /* Adapters */ = {
			isa = PBXGroup;
			children = (
				DDB752BF224289E900BB1502 /* CustomerFileAdapter.swift */,
				DDB752C42242BD3300BB1502 /* CustomerLoadable.swift */,
			);
			path = Adapters;
			sourceTree = "<group>";
		};
		DDB752C62242BD8600BB1502 /* Views */ = {
			isa = PBXGroup;
			children = (
				A0F760992241F6DF0082E6A5 /* InvitedView.xib */,
				A0F7609B2241F7070082E6A5 /* InvitedView.swift */,
			);
			path = Views;
			sourceTree = "<group>";
		};
		DDB752C72242BD9100BB1502 /* ViewModels */ = {
			isa = PBXGroup;
			children = (
				A0F7609F2241FA9D0082E6A5 /* TitleSubtitleViewModel.swift */,
			);
			path = ViewModels;
			sourceTree = "<group>";
		};
		DDB752C82242BF6B00BB1502 /* Invited */ = {
			isa = PBXGroup;
			children = (
				DD72C8BB2242E74300BC1C47 /* Models */,
				DD72C8B82242DE7D00BC1C47 /* Repositories */,
				DDB752C92242BF7100BB1502 /* Adapter */,
				A004211022434520006482CC /* InvitedViewControllerSpec.swift */,
			);
			path = Invited;
			sourceTree = "<group>";
		};
		DDB752C92242BF7100BB1502 /* Adapter */ = {
			isa = PBXGroup;
			children = (
				DDB752CA2242BF7E00BB1502 /* CustomerFileAdapterSpec.swift */,
			);
			path = Adapter;
			sourceTree = "<group>";
		};
/* End PBXGroup section */

/* Begin PBXNativeTarget section */
		DDB752922241371900BB1502 /* Inviter */ = {
			isa = PBXNativeTarget;
			buildConfigurationList = DDB752B02241371B00BB1502 /* Build configuration list for PBXNativeTarget "Inviter" */;
			buildPhases = (
				31E1D6960292568268CD5520 /* [CP] Check Pods Manifest.lock */,
				DDB7528F2241371900BB1502 /* Sources */,
				DDB752902241371900BB1502 /* Frameworks */,
				DDB752912241371900BB1502 /* Resources */,
				A0F760942241EE4F0082E6A5 /* Run SwiftLint */,
				301D9B2E5B4F5E6D92FD2996 /* [CP] Embed Pods Frameworks */,
			);
			buildRules = (
			);
			dependencies = (
			);
			name = Inviter;
			productName = Inviter;
			productReference = DDB752932241371900BB1502 /* Inviter.app */;
			productType = "com.apple.product-type.application";
		};
		DDB752A62241371B00BB1502 /* InviterTests */ = {
			isa = PBXNativeTarget;
			buildConfigurationList = DDB752B32241371B00BB1502 /* Build configuration list for PBXNativeTarget "InviterTests" */;
			buildPhases = (
				90077C58B50E8995789ACF84 /* [CP] Check Pods Manifest.lock */,
				DDB752A32241371B00BB1502 /* Sources */,
				DDB752A42241371B00BB1502 /* Frameworks */,
				DDB752A52241371B00BB1502 /* Resources */,
				3161DEBBB06EA494A9581F49 /* [CP] Embed Pods Frameworks */,
			);
			buildRules = (
			);
			dependencies = (
				DDB752A92241371B00BB1502 /* PBXTargetDependency */,
			);
			name = InviterTests;
			productName = InviterTests;
			productReference = DDB752A72241371B00BB1502 /* InviterTests.xctest */;
			productType = "com.apple.product-type.bundle.unit-test";
		};
/* End PBXNativeTarget section */

/* Begin PBXProject section */
		DDB7528B2241371900BB1502 /* Project object */ = {
			isa = PBXProject;
			attributes = {
				LastSwiftUpdateCheck = 1010;
				LastUpgradeCheck = 1010;
				ORGANIZATIONNAME = "Lucas Salton Cardinali";
				TargetAttributes = {
					DDB752922241371900BB1502 = {
						CreatedOnToolsVersion = 10.1;
					};
					DDB752A62241371B00BB1502 = {
						CreatedOnToolsVersion = 10.1;
						TestTargetID = DDB752922241371900BB1502;
					};
				};
			};
			buildConfigurationList = DDB7528E2241371900BB1502 /* Build configuration list for PBXProject "Inviter" */;
			compatibilityVersion = "Xcode 9.3";
			developmentRegion = en;
			hasScannedForEncodings = 0;
			knownRegions = (
				en,
				Base,
			);
			mainGroup = DDB7528A2241371900BB1502;
			productRefGroup = DDB752942241371900BB1502 /* Products */;
			projectDirPath = "";
			projectRoot = "";
			targets = (
				DDB752922241371900BB1502 /* Inviter */,
				DDB752A62241371B00BB1502 /* InviterTests */,
			);
		};
/* End PBXProject section */

/* Begin PBXResourcesBuildPhase section */
		DDB752912241371900BB1502 /* Resources */ = {
			isa = PBXResourcesBuildPhase;
			buildActionMask = 2147483647;
			files = (
				DDB752BA22417E4D00BB1502 /* customers.txt in Resources */,
				DDB752A12241371B00BB1502 /* LaunchScreen.storyboard in Resources */,
				A0F7609A2241F6DF0082E6A5 /* InvitedView.xib in Resources */,
				DDB7529E2241371B00BB1502 /* Assets.xcassets in Resources */,
			);
			runOnlyForDeploymentPostprocessing = 0;
		};
		DDB752A52241371B00BB1502 /* Resources */ = {
			isa = PBXResourcesBuildPhase;
			buildActionMask = 2147483647;
			files = (
			);
			runOnlyForDeploymentPostprocessing = 0;
		};
/* End PBXResourcesBuildPhase section */

/* Begin PBXShellScriptBuildPhase section */
		301D9B2E5B4F5E6D92FD2996 /* [CP] Embed Pods Frameworks */ = {
			isa = PBXShellScriptBuildPhase;
			buildActionMask = 2147483647;
			files = (
			);
			inputFileListPaths = (
			);
			inputPaths = (
				"${PODS_ROOT}/Target Support Files/Pods-Inviter/Pods-Inviter-frameworks.sh",
				"${BUILT_PRODUCTS_DIR}/Result/Result.framework",
				"${BUILT_PRODUCTS_DIR}/Reusable/Reusable.framework",
			);
			name = "[CP] Embed Pods Frameworks";
			outputFileListPaths = (
			);
			outputPaths = (
				"${TARGET_BUILD_DIR}/${FRAMEWORKS_FOLDER_PATH}/Result.framework",
				"${TARGET_BUILD_DIR}/${FRAMEWORKS_FOLDER_PATH}/Reusable.framework",
			);
			runOnlyForDeploymentPostprocessing = 0;
			shellPath = /bin/sh;
			shellScript = "\"${PODS_ROOT}/Target Support Files/Pods-Inviter/Pods-Inviter-frameworks.sh\"\n";
			showEnvVarsInLog = 0;
		};
		3161DEBBB06EA494A9581F49 /* [CP] Embed Pods Frameworks */ = {
			isa = PBXShellScriptBuildPhase;
			buildActionMask = 2147483647;
			files = (
			);
			inputFileListPaths = (
			);
			inputPaths = (
				"${PODS_ROOT}/Target Support Files/Pods-InviterTests/Pods-InviterTests-frameworks.sh",
				"${BUILT_PRODUCTS_DIR}/Nimble/Nimble.framework",
				"${BUILT_PRODUCTS_DIR}/Quick/Quick.framework",
				"${BUILT_PRODUCTS_DIR}/SnapshotTesting/SnapshotTesting.framework",
			);
			name = "[CP] Embed Pods Frameworks";
			outputFileListPaths = (
			);
			outputPaths = (
				"${TARGET_BUILD_DIR}/${FRAMEWORKS_FOLDER_PATH}/Nimble.framework",
				"${TARGET_BUILD_DIR}/${FRAMEWORKS_FOLDER_PATH}/Quick.framework",
				"${TARGET_BUILD_DIR}/${FRAMEWORKS_FOLDER_PATH}/SnapshotTesting.framework",
			);
			runOnlyForDeploymentPostprocessing = 0;
			shellPath = /bin/sh;
			shellScript = "\"${PODS_ROOT}/Target Support Files/Pods-InviterTests/Pods-InviterTests-frameworks.sh\"\n";
			showEnvVarsInLog = 0;
		};
		31E1D6960292568268CD5520 /* [CP] Check Pods Manifest.lock */ = {
			isa = PBXShellScriptBuildPhase;
			buildActionMask = 2147483647;
			files = (
			);
			inputFileListPaths = (
			);
			inputPaths = (
				"${PODS_PODFILE_DIR_PATH}/Podfile.lock",
				"${PODS_ROOT}/Manifest.lock",
			);
			name = "[CP] Check Pods Manifest.lock";
			outputFileListPaths = (
			);
			outputPaths = (
				"$(DERIVED_FILE_DIR)/Pods-Inviter-checkManifestLockResult.txt",
			);
			runOnlyForDeploymentPostprocessing = 0;
			shellPath = /bin/sh;
			shellScript = "diff \"${PODS_PODFILE_DIR_PATH}/Podfile.lock\" \"${PODS_ROOT}/Manifest.lock\" > /dev/null\nif [ $? != 0 ] ; then\n    # print error to STDERR\n    echo \"error: The sandbox is not in sync with the Podfile.lock. Run 'pod install' or update your CocoaPods installation.\" >&2\n    exit 1\nfi\n# This output is used by Xcode 'outputs' to avoid re-running this script phase.\necho \"SUCCESS\" > \"${SCRIPT_OUTPUT_FILE_0}\"\n";
			showEnvVarsInLog = 0;
		};
		90077C58B50E8995789ACF84 /* [CP] Check Pods Manifest.lock */ = {
			isa = PBXShellScriptBuildPhase;
			buildActionMask = 2147483647;
			files = (
			);
			inputFileListPaths = (
			);
			inputPaths = (
				"${PODS_PODFILE_DIR_PATH}/Podfile.lock",
				"${PODS_ROOT}/Manifest.lock",
			);
			name = "[CP] Check Pods Manifest.lock";
			outputFileListPaths = (
			);
			outputPaths = (
				"$(DERIVED_FILE_DIR)/Pods-InviterTests-checkManifestLockResult.txt",
			);
			runOnlyForDeploymentPostprocessing = 0;
			shellPath = /bin/sh;
			shellScript = "diff \"${PODS_PODFILE_DIR_PATH}/Podfile.lock\" \"${PODS_ROOT}/Manifest.lock\" > /dev/null\nif [ $? != 0 ] ; then\n    # print error to STDERR\n    echo \"error: The sandbox is not in sync with the Podfile.lock. Run 'pod install' or update your CocoaPods installation.\" >&2\n    exit 1\nfi\n# This output is used by Xcode 'outputs' to avoid re-running this script phase.\necho \"SUCCESS\" > \"${SCRIPT_OUTPUT_FILE_0}\"\n";
			showEnvVarsInLog = 0;
		};
		A0F760942241EE4F0082E6A5 /* Run SwiftLint */ = {
			isa = PBXShellScriptBuildPhase;
			buildActionMask = 2147483647;
			files = (
			);
			inputFileListPaths = (
			);
			inputPaths = (
			);
			name = "Run SwiftLint";
			outputFileListPaths = (
			);
			outputPaths = (
			);
			runOnlyForDeploymentPostprocessing = 0;
			shellPath = /bin/sh;
			shellScript = "\"${PODS_ROOT}/SwiftLint/swiftlint\"\n";
		};
/* End PBXShellScriptBuildPhase section */

/* Begin PBXSourcesBuildPhase section */
		DDB7528F2241371900BB1502 /* Sources */ = {
			isa = PBXSourcesBuildPhase;
			buildActionMask = 2147483647;
			files = (
				DDB752C0224289E900BB1502 /* CustomerFileAdapter.swift in Sources */,
				DDB752BC22418EDB00BB1502 /* Customer.swift in Sources */,
				A0F760A02241FA9D0082E6A5 /* TitleSubtitleViewModel.swift in Sources */,
				A0F7609C2241F7070082E6A5 /* InvitedView.swift in Sources */,
				A0EDD7182243540700A76177 /* JSONLinesDecoder.swift in Sources */,
				A0F760962241EF4A0082E6A5 /* CustomerRepository.swift in Sources */,
				DD72C8BF2242E7AD00BC1C47 /* Coordinate.swift in Sources */,
				DDB752972241371900BB1502 /* AppDelegate.swift in Sources */,
				A0F7609E2241F82A0082E6A5 /* InvitedViewController.swift in Sources */,
				DDB752C52242BD3300BB1502 /* CustomerLoadable.swift in Sources */,
			);
			runOnlyForDeploymentPostprocessing = 0;
		};
		DDB752A32241371B00BB1502 /* Sources */ = {
			isa = PBXSourcesBuildPhase;
			buildActionMask = 2147483647;
			files = (
				DD72C8BA2242DE8F00BC1C47 /* CustomerRepositorySpec.swift in Sources */,
				DDB752CB2242BF7E00BB1502 /* CustomerFileAdapterSpec.swift in Sources */,
				DD72C8C12242EDA700BC1C47 /* CoordinateSpec.swift in Sources */,
				A0EDD71B22435E3C00A76177 /* JSONLinesDecoderSpec.swift in Sources */,
				DD72C8BD2242E75300BC1C47 /* CustomerSpec.swift in Sources */,
				A004211122434520006482CC /* InvitedViewControllerSpec.swift in Sources */,
			);
			runOnlyForDeploymentPostprocessing = 0;
		};
/* End PBXSourcesBuildPhase section */

/* Begin PBXTargetDependency section */
		DDB752A92241371B00BB1502 /* PBXTargetDependency */ = {
			isa = PBXTargetDependency;
			target = DDB752922241371900BB1502 /* Inviter */;
			targetProxy = DDB752A82241371B00BB1502 /* PBXContainerItemProxy */;
		};
/* End PBXTargetDependency section */

/* Begin PBXVariantGroup section */
		DDB7529F2241371B00BB1502 /* LaunchScreen.storyboard */ = {
			isa = PBXVariantGroup;
			children = (
				DDB752A02241371B00BB1502 /* Base */,
			);
			name = LaunchScreen.storyboard;
			sourceTree = "<group>";
		};
/* End PBXVariantGroup section */

/* Begin XCBuildConfiguration section */
		DDB752AE2241371B00BB1502 /* Debug */ = {
			isa = XCBuildConfiguration;
			buildSettings = {
				ALWAYS_SEARCH_USER_PATHS = NO;
				CLANG_ANALYZER_NONNULL = YES;
				CLANG_ANALYZER_NUMBER_OBJECT_CONVERSION = YES_AGGRESSIVE;
				CLANG_CXX_LANGUAGE_STANDARD = "gnu++14";
				CLANG_CXX_LIBRARY = "libc++";
				CLANG_ENABLE_MODULES = YES;
				CLANG_ENABLE_OBJC_ARC = YES;
				CLANG_ENABLE_OBJC_WEAK = YES;
				CLANG_WARN_BLOCK_CAPTURE_AUTORELEASING = YES;
				CLANG_WARN_BOOL_CONVERSION = YES;
				CLANG_WARN_COMMA = YES;
				CLANG_WARN_CONSTANT_CONVERSION = YES;
				CLANG_WARN_DEPRECATED_OBJC_IMPLEMENTATIONS = YES;
				CLANG_WARN_DIRECT_OBJC_ISA_USAGE = YES_ERROR;
				CLANG_WARN_DOCUMENTATION_COMMENTS = YES;
				CLANG_WARN_EMPTY_BODY = YES;
				CLANG_WARN_ENUM_CONVERSION = YES;
				CLANG_WARN_INFINITE_RECURSION = YES;
				CLANG_WARN_INT_CONVERSION = YES;
				CLANG_WARN_NON_LITERAL_NULL_CONVERSION = YES;
				CLANG_WARN_OBJC_IMPLICIT_RETAIN_SELF = YES;
				CLANG_WARN_OBJC_LITERAL_CONVERSION = YES;
				CLANG_WARN_OBJC_ROOT_CLASS = YES_ERROR;
				CLANG_WARN_RANGE_LOOP_ANALYSIS = YES;
				CLANG_WARN_STRICT_PROTOTYPES = YES;
				CLANG_WARN_SUSPICIOUS_MOVE = YES;
				CLANG_WARN_UNGUARDED_AVAILABILITY = YES_AGGRESSIVE;
				CLANG_WARN_UNREACHABLE_CODE = YES;
				CLANG_WARN__DUPLICATE_METHOD_MATCH = YES;
				CODE_SIGN_IDENTITY = "iPhone Developer";
				COPY_PHASE_STRIP = NO;
				DEBUG_INFORMATION_FORMAT = dwarf;
				ENABLE_STRICT_OBJC_MSGSEND = YES;
				ENABLE_TESTABILITY = YES;
				GCC_C_LANGUAGE_STANDARD = gnu11;
				GCC_DYNAMIC_NO_PIC = NO;
				GCC_NO_COMMON_BLOCKS = YES;
				GCC_OPTIMIZATION_LEVEL = 0;
				GCC_PREPROCESSOR_DEFINITIONS = (
					"DEBUG=1",
					"$(inherited)",
				);
				GCC_WARN_64_TO_32_BIT_CONVERSION = YES;
				GCC_WARN_ABOUT_RETURN_TYPE = YES_ERROR;
				GCC_WARN_UNDECLARED_SELECTOR = YES;
				GCC_WARN_UNINITIALIZED_AUTOS = YES_AGGRESSIVE;
				GCC_WARN_UNUSED_FUNCTION = YES;
				GCC_WARN_UNUSED_VARIABLE = YES;
				IPHONEOS_DEPLOYMENT_TARGET = 12.1;
				MTL_ENABLE_DEBUG_INFO = INCLUDE_SOURCE;
				MTL_FAST_MATH = YES;
				ONLY_ACTIVE_ARCH = YES;
				SDKROOT = iphoneos;
				SWIFT_ACTIVE_COMPILATION_CONDITIONS = DEBUG;
				SWIFT_OPTIMIZATION_LEVEL = "-Onone";
			};
			name = Debug;
		};
		DDB752AF2241371B00BB1502 /* Release */ = {
			isa = XCBuildConfiguration;
			buildSettings = {
				ALWAYS_SEARCH_USER_PATHS = NO;
				CLANG_ANALYZER_NONNULL = YES;
				CLANG_ANALYZER_NUMBER_OBJECT_CONVERSION = YES_AGGRESSIVE;
				CLANG_CXX_LANGUAGE_STANDARD = "gnu++14";
				CLANG_CXX_LIBRARY = "libc++";
				CLANG_ENABLE_MODULES = YES;
				CLANG_ENABLE_OBJC_ARC = YES;
				CLANG_ENABLE_OBJC_WEAK = YES;
				CLANG_WARN_BLOCK_CAPTURE_AUTORELEASING = YES;
				CLANG_WARN_BOOL_CONVERSION = YES;
				CLANG_WARN_COMMA = YES;
				CLANG_WARN_CONSTANT_CONVERSION = YES;
				CLANG_WARN_DEPRECATED_OBJC_IMPLEMENTATIONS = YES;
				CLANG_WARN_DIRECT_OBJC_ISA_USAGE = YES_ERROR;
				CLANG_WARN_DOCUMENTATION_COMMENTS = YES;
				CLANG_WARN_EMPTY_BODY = YES;
				CLANG_WARN_ENUM_CONVERSION = YES;
				CLANG_WARN_INFINITE_RECURSION = YES;
				CLANG_WARN_INT_CONVERSION = YES;
				CLANG_WARN_NON_LITERAL_NULL_CONVERSION = YES;
				CLANG_WARN_OBJC_IMPLICIT_RETAIN_SELF = YES;
				CLANG_WARN_OBJC_LITERAL_CONVERSION = YES;
				CLANG_WARN_OBJC_ROOT_CLASS = YES_ERROR;
				CLANG_WARN_RANGE_LOOP_ANALYSIS = YES;
				CLANG_WARN_STRICT_PROTOTYPES = YES;
				CLANG_WARN_SUSPICIOUS_MOVE = YES;
				CLANG_WARN_UNGUARDED_AVAILABILITY = YES_AGGRESSIVE;
				CLANG_WARN_UNREACHABLE_CODE = YES;
				CLANG_WARN__DUPLICATE_METHOD_MATCH = YES;
				CODE_SIGN_IDENTITY = "iPhone Developer";
				COPY_PHASE_STRIP = NO;
				DEBUG_INFORMATION_FORMAT = "dwarf-with-dsym";
				ENABLE_NS_ASSERTIONS = NO;
				ENABLE_STRICT_OBJC_MSGSEND = YES;
				GCC_C_LANGUAGE_STANDARD = gnu11;
				GCC_NO_COMMON_BLOCKS = YES;
				GCC_WARN_64_TO_32_BIT_CONVERSION = YES;
				GCC_WARN_ABOUT_RETURN_TYPE = YES_ERROR;
				GCC_WARN_UNDECLARED_SELECTOR = YES;
				GCC_WARN_UNINITIALIZED_AUTOS = YES_AGGRESSIVE;
				GCC_WARN_UNUSED_FUNCTION = YES;
				GCC_WARN_UNUSED_VARIABLE = YES;
				IPHONEOS_DEPLOYMENT_TARGET = 12.1;
				MTL_ENABLE_DEBUG_INFO = NO;
				MTL_FAST_MATH = YES;
				SDKROOT = iphoneos;
				SWIFT_COMPILATION_MODE = wholemodule;
				SWIFT_OPTIMIZATION_LEVEL = "-O";
				VALIDATE_PRODUCT = YES;
			};
			name = Release;
		};
		DDB752B12241371B00BB1502 /* Debug */ = {
			isa = XCBuildConfiguration;
			baseConfigurationReference = 9833DE3345F1065A0083ED70 /* Pods-Inviter.debug.xcconfig */;
			buildSettings = {
				ASSETCATALOG_COMPILER_APPICON_NAME = AppIcon;
				CODE_SIGN_STYLE = Manual;
				DEVELOPMENT_TEAM = "";
				INFOPLIST_FILE = Inviter/Common/Info.plist;
				LD_RUNPATH_SEARCH_PATHS = (
					"$(inherited)",
					"@executable_path/Frameworks",
				);
				PRODUCT_BUNDLE_IDENTIFIER = lscardinali.com.br.Inviter;
				PRODUCT_NAME = "$(TARGET_NAME)";
				PROVISIONING_PROFILE_SPECIFIER = "";
				SWIFT_VERSION = 4.2;
				TARGETED_DEVICE_FAMILY = "1,2";
			};
			name = Debug;
		};
		DDB752B22241371B00BB1502 /* Release */ = {
			isa = XCBuildConfiguration;
			baseConfigurationReference = 2CECDDCECF9AB0EB7BF1A879 /* Pods-Inviter.release.xcconfig */;
			buildSettings = {
				ASSETCATALOG_COMPILER_APPICON_NAME = AppIcon;
				CODE_SIGN_STYLE = Manual;
				DEVELOPMENT_TEAM = "";
				INFOPLIST_FILE = Inviter/Common/Info.plist;
				LD_RUNPATH_SEARCH_PATHS = (
					"$(inherited)",
					"@executable_path/Frameworks",
				);
				PRODUCT_BUNDLE_IDENTIFIER = lscardinali.com.br.Inviter;
				PRODUCT_NAME = "$(TARGET_NAME)";
				PROVISIONING_PROFILE_SPECIFIER = "";
				SWIFT_VERSION = 4.2;
				TARGETED_DEVICE_FAMILY = "1,2";
			};
			name = Release;
		};
		DDB752B42241371B00BB1502 /* Debug */ = {
			isa = XCBuildConfiguration;
			baseConfigurationReference = D8EF39C332FBAD5C3916F1E3 /* Pods-InviterTests.debug.xcconfig */;
			buildSettings = {
				ALWAYS_EMBED_SWIFT_STANDARD_LIBRARIES = "$(inherited)";
				BUNDLE_LOADER = "$(TEST_HOST)";
				CODE_SIGN_STYLE = Automatic;
				DEFINES_MODULE = YES;
				DEVELOPMENT_TEAM = SY87M4P7NJ;
				INFOPLIST_FILE = InviterTests/Info.plist;
				LD_RUNPATH_SEARCH_PATHS = (
					"$(inherited)",
					"@executable_path/Frameworks",
					"@loader_path/Frameworks",
				);
				PRODUCT_BUNDLE_IDENTIFIER = lscardinali.com.br.InviterTests;
				PRODUCT_NAME = "$(TARGET_NAME)";
				SWIFT_VERSION = 4.2;
				TARGETED_DEVICE_FAMILY = "1,2";
				TEST_HOST = "$(BUILT_PRODUCTS_DIR)/Inviter.app/Inviter";
			};
			name = Debug;
		};
		DDB752B52241371B00BB1502 /* Release */ = {
			isa = XCBuildConfiguration;
			baseConfigurationReference = 90F4F112D283D60B1F7FC416 /* Pods-InviterTests.release.xcconfig */;
			buildSettings = {
				ALWAYS_EMBED_SWIFT_STANDARD_LIBRARIES = "$(inherited)";
				BUNDLE_LOADER = "$(TEST_HOST)";
				CODE_SIGN_STYLE = Automatic;
				DEFINES_MODULE = YES;
				DEVELOPMENT_TEAM = SY87M4P7NJ;
				INFOPLIST_FILE = InviterTests/Info.plist;
				LD_RUNPATH_SEARCH_PATHS = (
					"$(inherited)",
					"@executable_path/Frameworks",
					"@loader_path/Frameworks",
				);
				PRODUCT_BUNDLE_IDENTIFIER = lscardinali.com.br.InviterTests;
				PRODUCT_NAME = "$(TARGET_NAME)";
				SWIFT_VERSION = 4.2;
				TARGETED_DEVICE_FAMILY = "1,2";
				TEST_HOST = "$(BUILT_PRODUCTS_DIR)/Inviter.app/Inviter";
			};
			name = Release;
		};
/* End XCBuildConfiguration section */

/* Begin XCConfigurationList section */
		DDB7528E2241371900BB1502 /* Build configuration list for PBXProject "Inviter" */ = {
			isa = XCConfigurationList;
			buildConfigurations = (
				DDB752AE2241371B00BB1502 /* Debug */,
				DDB752AF2241371B00BB1502 /* Release */,
			);
			defaultConfigurationIsVisible = 0;
			defaultConfigurationName = Release;
		};
		DDB752B02241371B00BB1502 /* Build configuration list for PBXNativeTarget "Inviter" */ = {
			isa = XCConfigurationList;
			buildConfigurations = (
				DDB752B12241371B00BB1502 /* Debug */,
				DDB752B22241371B00BB1502 /* Release */,
			);
			defaultConfigurationIsVisible = 0;
			defaultConfigurationName = Release;
		};
		DDB752B32241371B00BB1502 /* Build configuration list for PBXNativeTarget "InviterTests" */ = {
			isa = XCConfigurationList;
			buildConfigurations = (
				DDB752B42241371B00BB1502 /* Debug */,
				DDB752B52241371B00BB1502 /* Release */,
			);
			defaultConfigurationIsVisible = 0;
			defaultConfigurationName = Release;
		};
/* End XCConfigurationList section */
	};
	rootObject = DDB7528B2241371900BB1502 /* Project object */;
}
